// !$*UTF8*$!
{
	archiveVersion = 1;
	classes = {
	};
	objectVersion = 46;
	objects = {

/* Begin PBXBuildFile section */
		BD485FE01B5621E700F087A9 /* main.swift in Sources */ = {isa = PBXBuildFile; fileRef = BD485FDF1B5621E700F087A9 /* main.swift */; };
		BD485FE81B56221100F087A9 /* DecodeOperators.swift in Sources */ = {isa = PBXBuildFile; fileRef = BD485FE61B56221100F087A9 /* DecodeOperators.swift */; };
		BD485FE91B56221100F087A9 /* JSONCodable.swift in Sources */ = {isa = PBXBuildFile; fileRef = BD485FE71B56221100F087A9 /* JSONCodable.swift */; };
/* End PBXBuildFile section */

/* Begin PBXCopyFilesBuildPhase section */
		BD485FDA1B5621E700F087A9 /* CopyFiles */ = {
			isa = PBXCopyFilesBuildPhase;
			buildActionMask = 2147483647;
			dstPath = /usr/share/man/man1/;
			dstSubfolderSpec = 0;
			files = (
			);
			runOnlyForDeploymentPostprocessing = 1;
		};
/* End PBXCopyFilesBuildPhase section */

/* Begin PBXFileReference section */
		BD485FDC1B5621E700F087A9 /* JsonCodable */ = {isa = PBXFileReference; explicitFileType = "compiled.mach-o.executable"; includeInIndex = 0; path = JsonCodable; sourceTree = BUILT_PRODUCTS_DIR; };
		BD485FDF1B5621E700F087A9 /* main.swift */ = {isa = PBXFileReference; lastKnownFileType = sourcecode.swift; path = main.swift; sourceTree = "<group>"; };
		BD485FE61B56221100F087A9 /* DecodeOperators.swift */ = {isa = PBXFileReference; fileEncoding = 4; lastKnownFileType = sourcecode.swift; path = DecodeOperators.swift; sourceTree = "<group>"; };
		BD485FE71B56221100F087A9 /* JSONCodable.swift */ = {isa = PBXFileReference; fileEncoding = 4; lastKnownFileType = sourcecode.swift; path = JSONCodable.swift; sourceTree = "<group>"; };
/* End PBXFileReference section */

/* Begin PBXFrameworksBuildPhase section */
		BD485FD91B5621E700F087A9 /* Frameworks */ = {
			isa = PBXFrameworksBuildPhase;
			buildActionMask = 2147483647;
			files = (
			);
			runOnlyForDeploymentPostprocessing = 0;
		};
/* End PBXFrameworksBuildPhase section */

/* Begin PBXGroup section */
		BD485FD31B5621E700F087A9 = {
			isa = PBXGroup;
			children = (
				BD485FDE1B5621E700F087A9 /* JsonCodable */,
				BD485FDD1B5621E700F087A9 /* Products */,
			);
			sourceTree = "<group>";
		};
		BD485FDD1B5621E700F087A9 /* Products */ = {
			isa = PBXGroup;
			children = (
				BD485FDC1B5621E700F087A9 /* JsonCodable */,
			);
			name = Products;
			sourceTree = "<group>";
		};
		BD485FDE1B5621E700F087A9 /* JsonCodable */ = {
			isa = PBXGroup;
			children = (
				BD485FDF1B5621E700F087A9 /* main.swift */,
				BD485FE61B56221100F087A9 /* DecodeOperators.swift */,
				BD485FE71B56221100F087A9 /* JSONCodable.swift */,
			);
			path = JsonCodable;
			sourceTree = "<group>";
		};
/* End PBXGroup section */

/* Begin PBXNativeTarget section */
		BD485FDB1B5621E700F087A9 /* JsonCodable */ = {
			isa = PBXNativeTarget;
			buildConfigurationList = BD485FE31B5621E700F087A9 /* Build configuration list for PBXNativeTarget "JsonCodable" */;
			buildPhases = (
				BD485FD81B5621E700F087A9 /* Sources */,
				BD485FD91B5621E700F087A9 /* Frameworks */,
				BD485FDA1B5621E700F087A9 /* CopyFiles */,
			);
			buildRules = (
			);
			dependencies = (
			);
			name = JsonCodable;
			productName = JsonCodable;
			productReference = BD485FDC1B5621E700F087A9 /* JsonCodable */;
			productType = "com.apple.product-type.tool";
		};
/* End PBXNativeTarget section */

/* Begin PBXProject section */
		BD485FD41B5621E700F087A9 /* Project object */ = {
			isa = PBXProject;
			attributes = {
				LastUpgradeCheck = 0700;
				ORGANIZATIONNAME = PLC;
				TargetAttributes = {
					BD485FDB1B5621E700F087A9 = {
						CreatedOnToolsVersion = 7.0;
					};
				};
			};
			buildConfigurationList = BD485FD71B5621E700F087A9 /* Build configuration list for PBXProject "JsonCodable" */;
			compatibilityVersion = "Xcode 3.2";
			developmentRegion = English;
			hasScannedForEncodings = 0;
			knownRegions = (
				en,
			);
			mainGroup = BD485FD31B5621E700F087A9;
			productRefGroup = BD485FDD1B5621E700F087A9 /* Products */;
			projectDirPath = "";
			projectRoot = "";
			targets = (
				BD485FDB1B5621E700F087A9 /* JsonCodable */,
			);
		};
/* End PBXProject section */

/* Begin PBXSourcesBuildPhase section */
		BD485FD81B5621E700F087A9 /* Sources */ = {
			isa = PBXSourcesBuildPhase;
			buildActionMask = 2147483647;
			files = (
				BD485FE01B5621E700F087A9 /* main.swift in Sources */,
				BD485FE81B56221100F087A9 /* DecodeOperators.swift in Sources */,
				BD485FE91B56221100F087A9 /* JSONCodable.swift in Sources */,
			);
			runOnlyForDeploymentPostprocessing = 0;
		};
/* End PBXSourcesBuildPhase section */

/* Begin XCBuildConfiguration section */
		BD485FE11B5621E700F087A9 /* Debug */ = {
			isa = XCBuildConfiguration;
			buildSettings = {
				ALWAYS_SEARCH_USER_PATHS = NO;
				CLANG_CXX_LANGUAGE_STANDARD = "gnu++0x";
				CLANG_CXX_LIBRARY = "libc++";
				CLANG_ENABLE_MODULES = YES;
				CLANG_ENABLE_OBJC_ARC = YES;
				CLANG_WARN_BOOL_CONVERSION = YES;
				CLANG_WARN_CONSTANT_CONVERSION = YES;
				CLANG_WARN_DIRECT_OBJC_ISA_USAGE = YES_ERROR;
				CLANG_WARN_EMPTY_BODY = YES;
				CLANG_WARN_ENUM_CONVERSION = YES;
				CLANG_WARN_INT_CONVERSION = YES;
				CLANG_WARN_OBJC_ROOT_CLASS = YES_ERROR;
				CLANG_WARN_UNREACHABLE_CODE = YES;
				CLANG_WARN__DUPLICATE_METHOD_MATCH = YES;
				COPY_PHASE_STRIP = NO;
				DEBUG_INFORMATION_FORMAT = dwarf;
				ENABLE_STRICT_OBJC_MSGSEND = YES;
				ENABLE_TESTABILITY = YES;
				GCC_C_LANGUAGE_STANDARD = gnu99;
				GCC_DYNAMIC_NO_PIC = NO;
				GCC_NO_COMMON_BLOCKS = YES;
				GCC_OPTIMIZATION_LEVEL = 0;
				GCC_PREPROCESSOR_DEFINITIONS = (
					"DEBUG=1",
					"$(inherited)",
				);
				GCC_WARN_64_TO_32_BIT_CONVERSION = YES;
				GCC_WARN_ABOUT_RETURN_TYPE = YES_ERROR;
				GCC_WARN_UNDECLARED_SELECTOR = YES;
				GCC_WARN_UNINITIALIZED_AUTOS = YES_AGGRESSIVE;
				GCC_WARN_UNUSED_FUNCTION = YES;
				GCC_WARN_UNUSED_VARIABLE = YES;
				MACOSX_DEPLOYMENT_TARGET = 10.10;
				MTL_ENABLE_DEBUG_INFO = YES;
				ONLY_ACTIVE_ARCH = YES;
				SDKROOT = macosx;
				SWIFT_OPTIMIZATION_LEVEL = "-Onone";
			};
			name = Debug;
		};
		BD485FE21B5621E700F087A9 /* Release */ = {
			isa = XCBuildConfiguration;
			buildSettings = {
				ALWAYS_SEARCH_USER_PATHS = NO;
				CLANG_CXX_LANGUAGE_STANDARD = "gnu++0x";
				CLANG_CXX_LIBRARY = "libc++";
				CLANG_ENABLE_MODULES = YES;
				CLANG_ENABLE_OBJC_ARC = YES;
				CLANG_WARN_BOOL_CONVERSION = YES;
				CLANG_WARN_CONSTANT_CONVERSION = YES;
				CLANG_WARN_DIRECT_OBJC_ISA_USAGE = YES_ERROR;
				CLANG_WARN_EMPTY_BODY = YES;
				CLANG_WARN_ENUM_CONVERSION = YES;
				CLANG_WARN_INT_CONVERSION = YES;
				CLANG_WARN_OBJC_ROOT_CLASS = YES_ERROR;
				CLANG_WARN_UNREACHABLE_CODE = YES;
				CLANG_WARN__DUPLICATE_METHOD_MATCH = YES;
				COPY_PHASE_STRIP = NO;
				DEBUG_INFORMATION_FORMAT = "dwarf-with-dsym";
				ENABLE_NS_ASSERTIONS = NO;
				ENABLE_STRICT_OBJC_MSGSEND = YES;
				GCC_C_LANGUAGE_STANDARD = gnu99;
				GCC_NO_COMMON_BLOCKS = YES;
				GCC_WARN_64_TO_32_BIT_CONVERSION = YES;
				GCC_WARN_ABOUT_RETURN_TYPE = YES_ERROR;
				GCC_WARN_UNDECLARED_SELECTOR = YES;
				GCC_WARN_UNINITIALIZED_AUTOS = YES_AGGRESSIVE;
				GCC_WARN_UNUSED_FUNCTION = YES;
				GCC_WARN_UNUSED_VARIABLE = YES;
				MACOSX_DEPLOYMENT_TARGET = 10.10;
				MTL_ENABLE_DEBUG_INFO = NO;
				SDKROOT = macosx;
			};
			name = Release;
		};
		BD485FE41B5621E700F087A9 /* Debug */ = {
			isa = XCBuildConfiguration;
			buildSettings = {
				PRODUCT_NAME = "$(TARGET_NAME)";
			};
			name = Debug;
		};
		BD485FE51B5621E700F087A9 /* Release */ = {
			isa = XCBuildConfiguration;
			buildSettings = {
				PRODUCT_NAME = "$(TARGET_NAME)";
			};
			name = Release;
		};
/* End XCBuildConfiguration section */

/* Begin XCConfigurationList section */
		BD485FD71B5621E700F087A9 /* Build configuration list for PBXProject "JsonCodable" */ = {
			isa = XCConfigurationList;
			buildConfigurations = (
				BD485FE11B5621E700F087A9 /* Debug */,
				BD485FE21B5621E700F087A9 /* Release */,
			);
			defaultConfigurationIsVisible = 0;
			defaultConfigurationName = Release;
		};
		BD485FE31B5621E700F087A9 /* Build configuration list for PBXNativeTarget "JsonCodable" */ = {
			isa = XCConfigurationList;
			buildConfigurations = (
				BD485FE41B5621E700F087A9 /* Debug */,
				BD485FE51B5621E700F087A9 /* Release */,
			);
			defaultConfigurationIsVisible = 0;
		};
/* End XCConfigurationList section */
	};
	rootObject = BD485FD41B5621E700F087A9 /* Project object */;
}
